
Microsoft Visual Studio Solution File, Format Version 12.00
# Visual Studio Version 17
VisualStudioVersion = 17.3.32819.101
MinimumVisualStudioVersion = 10.0.40219.1
Project("{FAE04EC0-301F-11D3-BF4B-00C04F79EFBC}") = "GestionInstalacionesDeportivas", "GestionInstalacionesDeportivas\GestionInstalacionesDeportivas.csproj", "{5C84A650-CB23-4725-8460-BCEC73788D05}"
EndProject
Global
	GlobalSection(SolutionConfigurationPlatforms) = preSolution
		Debug|Any CPU = Debug|Any CPU
		Release|Any CPU = Release|Any CPU
	EndGlobalSection
	GlobalSection(ProjectConfigurationPlatforms) = postSolution
		{5C84A650-CB23-4725-8460-BCEC73788D05}.Debug|Any CPU.ActiveCfg = Debug|Any CPU
		{5C84A650-CB23-4725-8460-BCEC73788D05}.Debug|Any CPU.Build.0 = Debug|Any CPU
		{5C84A650-CB23-4725-8460-BCEC73788D05}.Release|Any CPU.ActiveCfg = Release|Any CPU
		{5C84A650-CB23-4725-8460-BCEC73788D05}.Release|Any CPU.Build.0 = Release|Any CPU
	EndGlobalSection
	GlobalSection(SolutionProperties) = preSolution
		HideSolutionNode = FALSE
	EndGlobalSection
	GlobalSection(ExtensibilityGlobals) = postSolution
		SolutionGuid = {46FF9793-E9C9-4B61-AC88-D06C089E02CD}
	EndGlobalSection
EndGlobal
